
Microsoft Visual Studio Solution File, Format Version 12.00
# Visual Studio Version 17
VisualStudioVersion = 17.14.36401.2
MinimumVisualStudioVersion = 10.0.40219.1
Project("{FAE04EC0-301F-11D3-BF4B-00C04F79EFBC}") = "CalculatorApp", "CalculatorApp\CalculatorApp.csproj", "{F4611604-10D4-49BB-8081-1E5C441CD992}"
EndProject
Project("{930C7802-8A8C-48F9-8165-68863BCCD9DD}") = "CalculatorWixSetup", "CalculatorWixSetup\CalculatorWixSetup.wixproj", "{9474EC73-FB51-4069-ADEE-AE3E70F1A88F}"
EndProject
Project("{FAE04EC0-301F-11D3-BF4B-00C04F79EFBC}") = "AdvancedMath", "AdvancedMath\AdvancedMath.csproj", "{AEC5B3C0-9D62-4AE7-A213-875490682907}"
EndProject
Project("{FAE04EC0-301F-11D3-BF4B-00C04F79EFBC}") = "StatsLibrary", "StatsLibrary\StatsLibrary.csproj", "{A0DF8582-21B3-49C4-AA79-78332BC4E978}"
EndProject
Project("{C7167F0D-BC9F-4E6E-AFE1-012C56B48DB5}") = "AppCalculatorPackage", "AppCalculatorPackage\AppCalculatorPackage.wapproj", "{54D59531-D6BD-4B5A-A834-FE745BDEA873}"
EndProject
Global
	GlobalSection(SolutionConfigurationPlatforms) = preSolution
		Debug|Any CPU = Debug|Any CPU
		Debug|ARM = Debug|ARM
		Debug|ARM64 = Debug|ARM64
		Debug|x64 = Debug|x64
		Debug|x86 = Debug|x86
		Release|Any CPU = Release|Any CPU
		Release|ARM = Release|ARM
		Release|ARM64 = Release|ARM64
		Release|x64 = Release|x64
		Release|x86 = Release|x86
	EndGlobalSection
	GlobalSection(ProjectConfigurationPlatforms) = postSolution
		{F4611604-10D4-49BB-8081-1E5C441CD992}.Debug|Any CPU.ActiveCfg = Debug|Any CPU
		{F4611604-10D4-49BB-8081-1E5C441CD992}.Debug|Any CPU.Build.0 = Debug|Any CPU
		{F4611604-10D4-49BB-8081-1E5C441CD992}.Debug|ARM.ActiveCfg = Debug|Any CPU
		{F4611604-10D4-49BB-8081-1E5C441CD992}.Debug|ARM.Build.0 = Debug|Any CPU
		{F4611604-10D4-49BB-8081-1E5C441CD992}.Debug|ARM64.ActiveCfg = Debug|Any CPU
		{F4611604-10D4-49BB-8081-1E5C441CD992}.Debug|ARM64.Build.0 = Debug|Any CPU
		{F4611604-10D4-49BB-8081-1E5C441CD992}.Debug|x64.ActiveCfg = Debug|Any CPU
		{F4611604-10D4-49BB-8081-1E5C441CD992}.Debug|x64.Build.0 = Debug|Any CPU
		{F4611604-10D4-49BB-8081-1E5C441CD992}.Debug|x86.ActiveCfg = Debug|Any CPU
		{F4611604-10D4-49BB-8081-1E5C441CD992}.Debug|x86.Build.0 = Debug|Any CPU
		{F4611604-10D4-49BB-8081-1E5C441CD992}.Release|Any CPU.ActiveCfg = Release|Any CPU
		{F4611604-10D4-49BB-8081-1E5C441CD992}.Release|Any CPU.Build.0 = Release|Any CPU
		{F4611604-10D4-49BB-8081-1E5C441CD992}.Release|ARM.ActiveCfg = Release|Any CPU
		{F4611604-10D4-49BB-8081-1E5C441CD992}.Release|ARM.Build.0 = Release|Any CPU
		{F4611604-10D4-49BB-8081-1E5C441CD992}.Release|ARM64.ActiveCfg = Release|Any CPU
		{F4611604-10D4-49BB-8081-1E5C441CD992}.Release|ARM64.Build.0 = Release|Any CPU
		{F4611604-10D4-49BB-8081-1E5C441CD992}.Release|x64.ActiveCfg = Release|Any CPU
		{F4611604-10D4-49BB-8081-1E5C441CD992}.Release|x64.Build.0 = Release|Any CPU
		{F4611604-10D4-49BB-8081-1E5C441CD992}.Release|x86.ActiveCfg = Release|Any CPU
		{F4611604-10D4-49BB-8081-1E5C441CD992}.Release|x86.Build.0 = Release|Any CPU
		{9474EC73-FB51-4069-ADEE-AE3E70F1A88F}.Debug|Any CPU.ActiveCfg = Debug|x86
		{9474EC73-FB51-4069-ADEE-AE3E70F1A88F}.Debug|Any CPU.Build.0 = Debug|x86
		{9474EC73-FB51-4069-ADEE-AE3E70F1A88F}.Debug|ARM.ActiveCfg = Debug|x86
		{9474EC73-FB51-4069-ADEE-AE3E70F1A88F}.Debug|ARM.Build.0 = Debug|x86
		{9474EC73-FB51-4069-ADEE-AE3E70F1A88F}.Debug|ARM64.ActiveCfg = Debug|x86
		{9474EC73-FB51-4069-ADEE-AE3E70F1A88F}.Debug|ARM64.Build.0 = Debug|x86
		{9474EC73-FB51-4069-ADEE-AE3E70F1A88F}.Debug|x64.ActiveCfg = Debug|x86
		{9474EC73-FB51-4069-ADEE-AE3E70F1A88F}.Debug|x64.Build.0 = Debug|x86
		{9474EC73-FB51-4069-ADEE-AE3E70F1A88F}.Debug|x86.ActiveCfg = Debug|x86
		{9474EC73-FB51-4069-ADEE-AE3E70F1A88F}.Debug|x86.Build.0 = Debug|x86
		{9474EC73-FB51-4069-ADEE-AE3E70F1A88F}.Release|Any CPU.ActiveCfg = Release|x86
		{9474EC73-FB51-4069-ADEE-AE3E70F1A88F}.Release|Any CPU.Build.0 = Release|x86
		{9474EC73-FB51-4069-ADEE-AE3E70F1A88F}.Release|ARM.ActiveCfg = Release|x86
		{9474EC73-FB51-4069-ADEE-AE3E70F1A88F}.Release|ARM.Build.0 = Release|x86
		{9474EC73-FB51-4069-ADEE-AE3E70F1A88F}.Release|ARM64.ActiveCfg = Release|x86
		{9474EC73-FB51-4069-ADEE-AE3E70F1A88F}.Release|ARM64.Build.0 = Release|x86
		{9474EC73-FB51-4069-ADEE-AE3E70F1A88F}.Release|x64.ActiveCfg = Release|x86
		{9474EC73-FB51-4069-ADEE-AE3E70F1A88F}.Release|x64.Build.0 = Release|x86
		{9474EC73-FB51-4069-ADEE-AE3E70F1A88F}.Release|x86.ActiveCfg = Release|x86
		{9474EC73-FB51-4069-ADEE-AE3E70F1A88F}.Release|x86.Build.0 = Release|x86
		{AEC5B3C0-9D62-4AE7-A213-875490682907}.Debug|Any CPU.ActiveCfg = Debug|Any CPU
		{AEC5B3C0-9D62-4AE7-A213-875490682907}.Debug|Any CPU.Build.0 = Debug|Any CPU
		{AEC5B3C0-9D62-4AE7-A213-875490682907}.Debug|ARM.ActiveCfg = Debug|Any CPU
		{AEC5B3C0-9D62-4AE7-A213-875490682907}.Debug|ARM.Build.0 = Debug|Any CPU
		{AEC5B3C0-9D62-4AE7-A213-875490682907}.Debug|ARM64.ActiveCfg = Debug|Any CPU
		{AEC5B3C0-9D62-4AE7-A213-875490682907}.Debug|ARM64.Build.0 = Debug|Any CPU
		{AEC5B3C0-9D62-4AE7-A213-875490682907}.Debug|x64.ActiveCfg = Debug|Any CPU
		{AEC5B3C0-9D62-4AE7-A213-875490682907}.Debug|x64.Build.0 = Debug|Any CPU
		{AEC5B3C0-9D62-4AE7-A213-875490682907}.Debug|x86.ActiveCfg = Debug|Any CPU
		{AEC5B3C0-9D62-4AE7-A213-875490682907}.Debug|x86.Build.0 = Debug|Any CPU
		{AEC5B3C0-9D62-4AE7-A213-875490682907}.Release|Any CPU.ActiveCfg = Release|Any CPU
		{AEC5B3C0-9D62-4AE7-A213-875490682907}.Release|Any CPU.Build.0 = Release|Any CPU
		{AEC5B3C0-9D62-4AE7-A213-875490682907}.Release|ARM.ActiveCfg = Release|Any CPU
		{AEC5B3C0-9D62-4AE7-A213-875490682907}.Release|ARM.Build.0 = Release|Any CPU
		{AEC5B3C0-9D62-4AE7-A213-875490682907}.Release|ARM64.ActiveCfg = Release|Any CPU
		{AEC5B3C0-9D62-4AE7-A213-875490682907}.Release|ARM64.Build.0 = Release|Any CPU
		{AEC5B3C0-9D62-4AE7-A213-875490682907}.Release|x64.ActiveCfg = Release|Any CPU
		{AEC5B3C0-9D62-4AE7-A213-875490682907}.Release|x64.Build.0 = Release|Any CPU
		{AEC5B3C0-9D62-4AE7-A213-875490682907}.Release|x86.ActiveCfg = Release|Any CPU
		{AEC5B3C0-9D62-4AE7-A213-875490682907}.Release|x86.Build.0 = Release|Any CPU
		{A0DF8582-21B3-49C4-AA79-78332BC4E978}.Debug|Any CPU.ActiveCfg = Debug|Any CPU
		{A0DF8582-21B3-49C4-AA79-78332BC4E978}.Debug|Any CPU.Build.0 = Debug|Any CPU
		{A0DF8582-21B3-49C4-AA79-78332BC4E978}.Debug|ARM.ActiveCfg = Debug|Any CPU
		{A0DF8582-21B3-49C4-AA79-78332BC4E978}.Debug|ARM.Build.0 = Debug|Any CPU
		{A0DF8582-21B3-49C4-AA79-78332BC4E978}.Debug|ARM64.ActiveCfg = Debug|Any CPU
		{A0DF8582-21B3-49C4-AA79-78332BC4E978}.Debug|ARM64.Build.0 = Debug|Any CPU
		{A0DF8582-21B3-49C4-AA79-78332BC4E978}.Debug|x64.ActiveCfg = Debug|Any CPU
		{A0DF8582-21B3-49C4-AA79-78332BC4E978}.Debug|x64.Build.0 = Debug|Any CPU
		{A0DF8582-21B3-49C4-AA79-78332BC4E978}.Debug|x86.ActiveCfg = Debug|Any CPU
		{A0DF8582-21B3-49C4-AA79-78332BC4E978}.Debug|x86.Build.0 = Debug|Any CPU
		{A0DF8582-21B3-49C4-AA79-78332BC4E978}.Release|Any CPU.ActiveCfg = Release|Any CPU
		{A0DF8582-21B3-49C4-AA79-78332BC4E978}.Release|Any CPU.Build.0 = Release|Any CPU
		{A0DF8582-21B3-49C4-AA79-78332BC4E978}.Release|ARM.ActiveCfg = Release|Any CPU
		{A0DF8582-21B3-49C4-AA79-78332BC4E978}.Release|ARM.Build.0 = Release|Any CPU
		{A0DF8582-21B3-49C4-AA79-78332BC4E978}.Release|ARM64.ActiveCfg = Release|Any CPU
		{A0DF8582-21B3-49C4-AA79-78332BC4E978}.Release|ARM64.Build.0 = Release|Any CPU
		{A0DF8582-21B3-49C4-AA79-78332BC4E978}.Release|x64.ActiveCfg = Release|Any CPU
		{A0DF8582-21B3-49C4-AA79-78332BC4E978}.Release|x64.Build.0 = Release|Any CPU
		{A0DF8582-21B3-49C4-AA79-78332BC4E978}.Release|x86.ActiveCfg = Release|Any CPU
		{A0DF8582-21B3-49C4-AA79-78332BC4E978}.Release|x86.Build.0 = Release|Any CPU
		{54D59531-D6BD-4B5A-A834-FE745BDEA873}.Debug|Any CPU.ActiveCfg = Debug|Any CPU
		{54D59531-D6BD-4B5A-A834-FE745BDEA873}.Debug|Any CPU.Build.0 = Debug|Any CPU
		{54D59531-D6BD-4B5A-A834-FE745BDEA873}.Debug|Any CPU.Deploy.0 = Debug|Any CPU
		{54D59531-D6BD-4B5A-A834-FE745BDEA873}.Debug|ARM.ActiveCfg = Debug|ARM
		{54D59531-D6BD-4B5A-A834-FE745BDEA873}.Debug|ARM.Build.0 = Debug|ARM
		{54D59531-D6BD-4B5A-A834-FE745BDEA873}.Debug|ARM.Deploy.0 = Debug|ARM
		{54D59531-D6BD-4B5A-A834-FE745BDEA873}.Debug|ARM64.ActiveCfg = Debug|ARM64
		{54D59531-D6BD-4B5A-A834-FE745BDEA873}.Debug|ARM64.Build.0 = Debug|ARM64
		{54D59531-D6BD-4B5A-A834-FE745BDEA873}.Debug|ARM64.Deploy.0 = Debug|ARM64
		{54D59531-D6BD-4B5A-A834-FE745BDEA873}.Debug|x64.ActiveCfg = Debug|x64
		{54D59531-D6BD-4B5A-A834-FE745BDEA873}.Debug|x64.Build.0 = Debug|x64
		{54D59531-D6BD-4B5A-A834-FE745BDEA873}.Debug|x64.Deploy.0 = Debug|x64
		{54D59531-D6BD-4B5A-A834-FE745BDEA873}.Debug|x86.ActiveCfg = Debug|x86
		{54D59531-D6BD-4B5A-A834-FE745BDEA873}.Debug|x86.Build.0 = Debug|x86
		{54D59531-D6BD-4B5A-A834-FE745BDEA873}.Debug|x86.Deploy.0 = Debug|x86
		{54D59531-D6BD-4B5A-A834-FE745BDEA873}.Release|Any CPU.ActiveCfg = Release|Any CPU
		{54D59531-D6BD-4B5A-A834-FE745BDEA873}.Release|Any CPU.Build.0 = Release|Any CPU
		{54D59531-D6BD-4B5A-A834-FE745BDEA873}.Release|Any CPU.Deploy.0 = Release|Any CPU
		{54D59531-D6BD-4B5A-A834-FE745BDEA873}.Release|ARM.ActiveCfg = Release|ARM
		{54D59531-D6BD-4B5A-A834-FE745BDEA873}.Release|ARM.Build.0 = Release|ARM
		{54D59531-D6BD-4B5A-A834-FE745BDEA873}.Release|ARM.Deploy.0 = Release|ARM
		{54D59531-D6BD-4B5A-A834-FE745BDEA873}.Release|ARM64.ActiveCfg = Release|ARM64
		{54D59531-D6BD-4B5A-A834-FE745BDEA873}.Release|ARM64.Build.0 = Release|ARM64
		{54D59531-D6BD-4B5A-A834-FE745BDEA873}.Release|ARM64.Deploy.0 = Release|ARM64
		{54D59531-D6BD-4B5A-A834-FE745BDEA873}.Release|x64.ActiveCfg = Release|x64
		{54D59531-D6BD-4B5A-A834-FE745BDEA873}.Release|x64.Build.0 = Release|x64
		{54D59531-D6BD-4B5A-A834-FE745BDEA873}.Release|x64.Deploy.0 = Release|x64
		{54D59531-D6BD-4B5A-A834-FE745BDEA873}.Release|x86.ActiveCfg = Release|x86
		{54D59531-D6BD-4B5A-A834-FE745BDEA873}.Release|x86.Build.0 = Release|x86
		{54D59531-D6BD-4B5A-A834-FE745BDEA873}.Release|x86.Deploy.0 = Release|x86
	EndGlobalSection
	GlobalSection(SolutionProperties) = preSolution
		HideSolutionNode = FALSE
	EndGlobalSection
	GlobalSection(ExtensibilityGlobals) = postSolution
		SolutionGuid = {F354AB86-1A05-4D31-BE90-181FAD7D6571}
	EndGlobalSection
EndGlobal
